
Microsoft Visual Studio Solution File, Format Version 12.00
# Visual Studio Version 16
VisualStudioVersion = 16.0.30128.74
MinimumVisualStudioVersion = 10.0.40219.1
Project("{FAE04EC0-301F-11D3-BF4B-00C04F79EFBC}") = "OptApp", "OptApp.csproj", "{D3A21085-DE0F-41C1-AC84-A039BD6FEADC}"
EndProject
Project("{FAE04EC0-301F-11D3-BF4B-00C04F79EFBC}") = "UnitTestOptApp", "..\UnitTestOptApp\UnitTestOptApp.csproj", "{C8343841-8B5F-4A8C-AB2F-671144D9CF80}"
EndProject
Global
	GlobalSection(SolutionConfigurationPlatforms) = preSolution
		Debug|Any CPU = Debug|Any CPU
		Release|Any CPU = Release|Any CPU
	EndGlobalSection
	GlobalSection(ProjectConfigurationPlatforms) = postSolution
		{D3A21085-DE0F-41C1-AC84-A039BD6FEADC}.Debug|Any CPU.ActiveCfg = Debug|Any CPU
		{D3A21085-DE0F-41C1-AC84-A039BD6FEADC}.Debug|Any CPU.Build.0 = Debug|Any CPU
		{D3A21085-DE0F-41C1-AC84-A039BD6FEADC}.Release|Any CPU.ActiveCfg = Release|Any CPU
		{D3A21085-DE0F-41C1-AC84-A039BD6FEADC}.Release|Any CPU.Build.0 = Release|Any CPU
		{C8343841-8B5F-4A8C-AB2F-671144D9CF80}.Debug|Any CPU.ActiveCfg = Debug|Any CPU
		{C8343841-8B5F-4A8C-AB2F-671144D9CF80}.Debug|Any CPU.Build.0 = Debug|Any CPU
		{C8343841-8B5F-4A8C-AB2F-671144D9CF80}.Release|Any CPU.ActiveCfg = Release|Any CPU
		{C8343841-8B5F-4A8C-AB2F-671144D9CF80}.Release|Any CPU.Build.0 = Release|Any CPU
	EndGlobalSection
	GlobalSection(SolutionProperties) = preSolution
		HideSolutionNode = FALSE
	EndGlobalSection
	GlobalSection(ExtensibilityGlobals) = postSolution
		SolutionGuid = {B9102151-12A7-45D5-BF9C-7B7C23EF6F4C}
	EndGlobalSection
EndGlobal
